
Microsoft Visual Studio Solution File, Format Version 12.00
# Visual Studio Version 17
VisualStudioVersion = 17.0.31903.59
MinimumVisualStudioVersion = 10.0.40219.1
Project("{9A19103F-16F7-4668-BE54-9A1E7A4F7556}") = "FintechSync.API", "FintechSync.API\FintechSync.API.csproj", "{D0A8C0C8-72DC-4A2E-A47F-8AF6F7D31EFD}"
EndProject
Project("{FAE04EC0-301F-11D3-BF4B-00C04F79EFBC}") = "FintechSync.Console", "FintechSync.Console\FintechSync.Console.csproj", "{E7E49F63-339A-45C9-8393-B3CF67D2E3AC}"
EndProject
Global
	GlobalSection(SolutionConfigurationPlatforms) = preSolution
		Debug|Any CPU = Debug|Any CPU
		Release|Any CPU = Release|Any CPU
	EndGlobalSection
	GlobalSection(ProjectConfigurationPlatforms) = postSolution
		{D0A8C0C8-72DC-4A2E-A47F-8AF6F7D31EFD}.Debug|Any CPU.ActiveCfg = Debug|Any CPU
		{D0A8C0C8-72DC-4A2E-A47F-8AF6F7D31EFD}.Debug|Any CPU.Build.0 = Debug|Any CPU
		{D0A8C0C8-72DC-4A2E-A47F-8AF6F7D31EFD}.Release|Any CPU.ActiveCfg = Release|Any CPU
		{D0A8C0C8-72DC-4A2E-A47F-8AF6F7D31EFD}.Release|Any CPU.Build.0 = Release|Any CPU
		{E7E49F63-339A-45C9-8393-B3CF67D2E3AC}.Debug|Any CPU.ActiveCfg = Debug|Any CPU
		{E7E49F63-339A-45C9-8393-B3CF67D2E3AC}.Debug|Any CPU.Build.0 = Debug|Any CPU
		{E7E49F63-339A-45C9-8393-B3CF67D2E3AC}.Release|Any CPU.ActiveCfg = Release|Any CPU
		{E7E49F63-339A-45C9-8393-B3CF67D2E3AC}.Release|Any CPU.Build.0 = Release|Any CPU
	EndGlobalSection
	GlobalSection(SolutionProperties) = preSolution
		HideSolutionNode = FALSE
	EndGlobalSection
	GlobalSection(ExtensibilityGlobals) = postSolution
		SolutionGuid = {5DF0A570-01FF-4C80-9083-8AACA8C863B2}
	EndGlobalSection
EndGlobal
